
Microsoft Visual Studio Solution File, Format Version 12.00
# Visual Studio Version 17
VisualStudioVersion = 17.14.36301.6 d17.14
MinimumVisualStudioVersion = 10.0.40219.1
Project("{FAE04EC0-301F-11D3-BF4B-00C04F79EFBC}") = "Contacts.Visual", "Contacts.Visual\Contacts.Visual.csproj", "{812A262D-AC4E-48F9-9527-82F34BCE5ECF}"
EndProject
Global
	GlobalSection(SolutionConfigurationPlatforms) = preSolution
		Debug|Any CPU = Debug|Any CPU
		Release|Any CPU = Release|Any CPU
	EndGlobalSection
	GlobalSection(ProjectConfigurationPlatforms) = postSolution
		{812A262D-AC4E-48F9-9527-82F34BCE5ECF}.Debug|Any CPU.ActiveCfg = Debug|Any CPU
		{812A262D-AC4E-48F9-9527-82F34BCE5ECF}.Debug|Any CPU.Build.0 = Debug|Any CPU
		{812A262D-AC4E-48F9-9527-82F34BCE5ECF}.Release|Any CPU.ActiveCfg = Release|Any CPU
		{812A262D-AC4E-48F9-9527-82F34BCE5ECF}.Release|Any CPU.Build.0 = Release|Any CPU
	EndGlobalSection
	GlobalSection(SolutionProperties) = preSolution
		HideSolutionNode = FALSE
	EndGlobalSection
	GlobalSection(ExtensibilityGlobals) = postSolution
		SolutionGuid = {7BF8E4F2-07D1-454D-B5BF-2B0EE01671DF}
	EndGlobalSection
EndGlobal
