
Microsoft Visual Studio Solution File, Format Version 12.00
# Visual Studio Version 17
VisualStudioVersion = 17.14.36301.6 d17.14
MinimumVisualStudioVersion = 10.0.40219.1
Project("{FAE04EC0-301F-11D3-BF4B-00C04F79EFBC}") = "tallermecanica2", "tallermecanica2\tallermecanica2.csproj", "{1529FE69-3643-42C2-9A43-E5710BBF7C8F}"
EndProject
Global
	GlobalSection(SolutionConfigurationPlatforms) = preSolution
		Debug|Any CPU = Debug|Any CPU
		Release|Any CPU = Release|Any CPU
	EndGlobalSection
	GlobalSection(ProjectConfigurationPlatforms) = postSolution
		{1529FE69-3643-42C2-9A43-E5710BBF7C8F}.Debug|Any CPU.ActiveCfg = Debug|Any CPU
		{1529FE69-3643-42C2-9A43-E5710BBF7C8F}.Debug|Any CPU.Build.0 = Debug|Any CPU
		{1529FE69-3643-42C2-9A43-E5710BBF7C8F}.Release|Any CPU.ActiveCfg = Release|Any CPU
		{1529FE69-3643-42C2-9A43-E5710BBF7C8F}.Release|Any CPU.Build.0 = Release|Any CPU
	EndGlobalSection
	GlobalSection(SolutionProperties) = preSolution
		HideSolutionNode = FALSE
	EndGlobalSection
	GlobalSection(ExtensibilityGlobals) = postSolution
		SolutionGuid = {AD2CE873-8828-4927-8D03-3A9E328D2B08}
	EndGlobalSection
EndGlobal
